// !$*UTF8*$!
{
	archiveVersion = 1;
	classes = {
	};
	objectVersion = 77;
	objects = {

/* Begin PBXBuildFile section */
		650A1F1B2EBF4C0B00A4E9D0 /* Auth in Frameworks */ = {isa = PBXBuildFile; productRef = 650A1F1A2EBF4C0B00A4E9D0 /* Auth */; };
		650A1F1D2EBF4C0B00A4E9D0 /* Functions in Frameworks */ = {isa = PBXBuildFile; productRef = 650A1F1C2EBF4C0B00A4E9D0 /* Functions */; };
		650A1F1F2EBF4C0B00A4E9D0 /* PostgREST in Frameworks */ = {isa = PBXBuildFile; productRef = 650A1F1E2EBF4C0B00A4E9D0 /* PostgREST */; };
		650A1F212EBF4C0B00A4E9D0 /* Realtime in Frameworks */ = {isa = PBXBuildFile; productRef = 650A1F202EBF4C0B00A4E9D0 /* Realtime */; };
		650A1F232EBF4C0B00A4E9D0 /* Storage in Frameworks */ = {isa = PBXBuildFile; productRef = 650A1F222EBF4C0B00A4E9D0 /* Storage */; };
		650A1F282EBF55B700A4E9D0 /* Supabase in Frameworks */ = {isa = PBXBuildFile; productRef = 650A1F272EBF55B700A4E9D0 /* Supabase */; };
		6585B95B2E7C0911003DB1CC /* Digitalwellbeing Watch APP Watch App.app in Embed Watch Content */ = {isa = PBXBuildFile; fileRef = 6585B93B2E7C090E003DB1CC /* Digitalwellbeing Watch APP Watch App.app */; settings = {ATTRIBUTES = (RemoveHeadersOnCopy, ); }; };
		6585B96C2E7C5067003DB1CC /* WatchConnectivity.framework in Frameworks */ = {isa = PBXBuildFile; fileRef = 6585B96B2E7C5067003DB1CC /* WatchConnectivity.framework */; };
		6585B96E2E7C5087003DB1CC /* WatchConnectivity.framework in Frameworks */ = {isa = PBXBuildFile; fileRef = 6585B96D2E7C5086003DB1CC /* WatchConnectivity.framework */; };
		659077202E9B5EAB000ABBE2 /* GoogleSignIn in Frameworks */ = {isa = PBXBuildFile; productRef = 6590771F2E9B5EAB000ABBE2 /* GoogleSignIn */; };
		659077222E9B5EAB000ABBE2 /* GoogleSignInSwift in Frameworks */ = {isa = PBXBuildFile; productRef = 659077212E9B5EAB000ABBE2 /* GoogleSignInSwift */; };
/* End PBXBuildFile section */

/* Begin PBXContainerItemProxy section */
		6585B91B2E7C07AD003DB1CC /* PBXContainerItemProxy */ = {
			isa = PBXContainerItemProxy;
			containerPortal = 6585B9052E7C07AA003DB1CC /* Project object */;
			proxyType = 1;
			remoteGlobalIDString = 6585B90C2E7C07AA003DB1CC;
			remoteInfo = Digiwellbeing;
		};
		6585B9252E7C07AD003DB1CC /* PBXContainerItemProxy */ = {
			isa = PBXContainerItemProxy;
			containerPortal = 6585B9052E7C07AA003DB1CC /* Project object */;
			proxyType = 1;
			remoteGlobalIDString = 6585B90C2E7C07AA003DB1CC;
			remoteInfo = Digiwellbeing;
		};
		6585B9482E7C0911003DB1CC /* PBXContainerItemProxy */ = {
			isa = PBXContainerItemProxy;
			containerPortal = 6585B9052E7C07AA003DB1CC /* Project object */;
			proxyType = 1;
			remoteGlobalIDString = 6585B93A2E7C090E003DB1CC;
			remoteInfo = "Digitalwellbeing Watch APP Watch App";
		};
		6585B9522E7C0911003DB1CC /* PBXContainerItemProxy */ = {
			isa = PBXContainerItemProxy;
			containerPortal = 6585B9052E7C07AA003DB1CC /* Project object */;
			proxyType = 1;
			remoteGlobalIDString = 6585B93A2E7C090E003DB1CC;
			remoteInfo = "Digitalwellbeing Watch APP Watch App";
		};
		6585B9592E7C0911003DB1CC /* PBXContainerItemProxy */ = {
			isa = PBXContainerItemProxy;
			containerPortal = 6585B9052E7C07AA003DB1CC /* Project object */;
			proxyType = 1;
			remoteGlobalIDString = 6585B93A2E7C090E003DB1CC;
			remoteInfo = "Digitalwellbeing Watch APP Watch App";
		};
/* End PBXContainerItemProxy section */

/* Begin PBXCopyFilesBuildPhase section */
		6585B95F2E7C0911003DB1CC /* Embed Watch Content */ = {
			isa = PBXCopyFilesBuildPhase;
			buildActionMask = 2147483647;
			dstPath = "$(CONTENTS_FOLDER_PATH)/Watch";
			dstSubfolderSpec = 16;
			files = (
				6585B95B2E7C0911003DB1CC /* Digitalwellbeing Watch APP Watch App.app in Embed Watch Content */,
			);
			name = "Embed Watch Content";
			runOnlyForDeploymentPostprocessing = 0;
		};
/* End PBXCopyFilesBuildPhase section */

/* Begin PBXFileReference section */
		6585B90D2E7C07AA003DB1CC /* Digiwellbeing.app */ = {isa = PBXFileReference; explicitFileType = wrapper.application; includeInIndex = 0; path = Digiwellbeing.app; sourceTree = BUILT_PRODUCTS_DIR; };
		6585B91A2E7C07AD003DB1CC /* DigiwellbeingTests.xctest */ = {isa = PBXFileReference; explicitFileType = wrapper.cfbundle; includeInIndex = 0; path = DigiwellbeingTests.xctest; sourceTree = BUILT_PRODUCTS_DIR; };
		6585B9242E7C07AD003DB1CC /* DigiwellbeingUITests.xctest */ = {isa = PBXFileReference; explicitFileType = wrapper.cfbundle; includeInIndex = 0; path = DigiwellbeingUITests.xctest; sourceTree = BUILT_PRODUCTS_DIR; };
		6585B93B2E7C090E003DB1CC /* Digitalwellbeing Watch APP Watch App.app */ = {isa = PBXFileReference; explicitFileType = wrapper.application; includeInIndex = 0; path = "Digitalwellbeing Watch APP Watch App.app"; sourceTree = BUILT_PRODUCTS_DIR; };
		6585B9472E7C0911003DB1CC /* Digitalwellbeing Watch APP Watch AppTests.xctest */ = {isa = PBXFileReference; explicitFileType = wrapper.cfbundle; includeInIndex = 0; path = "Digitalwellbeing Watch APP Watch AppTests.xctest"; sourceTree = BUILT_PRODUCTS_DIR; };
		6585B9512E7C0911003DB1CC /* Digitalwellbeing Watch APP Watch AppUITests.xctest */ = {isa = PBXFileReference; explicitFileType = wrapper.cfbundle; includeInIndex = 0; path = "Digitalwellbeing Watch APP Watch AppUITests.xctest"; sourceTree = BUILT_PRODUCTS_DIR; };
		6585B96B2E7C5067003DB1CC /* WatchConnectivity.framework */ = {isa = PBXFileReference; lastKnownFileType = wrapper.framework; name = WatchConnectivity.framework; path = System/Library/Frameworks/WatchConnectivity.framework; sourceTree = SDKROOT; };
		6585B96D2E7C5086003DB1CC /* WatchConnectivity.framework */ = {isa = PBXFileReference; lastKnownFileType = wrapper.framework; name = WatchConnectivity.framework; path = Platforms/WatchOS.platform/Developer/SDKs/WatchOS26.0.sdk/System/Library/Frameworks/WatchConnectivity.framework; sourceTree = DEVELOPER_DIR; };
/* End PBXFileReference section */

/* Begin PBXFileSystemSynchronizedBuildFileExceptionSet section */
		6585B9692E7C22FF003DB1CC /* Exceptions for "Digiwellbeing" folder in "Digiwellbeing" target */ = {
			isa = PBXFileSystemSynchronizedBuildFileExceptionSet;
			membershipExceptions = (
				Info.plist,
			);
			target = 6585B90C2E7C07AA003DB1CC /* Digiwellbeing */;
		};
/* End PBXFileSystemSynchronizedBuildFileExceptionSet section */

/* Begin PBXFileSystemSynchronizedRootGroup section */
		6585B90F2E7C07AA003DB1CC /* Digiwellbeing */ = {
			isa = PBXFileSystemSynchronizedRootGroup;
			exceptions = (
				6585B9692E7C22FF003DB1CC /* Exceptions for "Digiwellbeing" folder in "Digiwellbeing" target */,
			);
			path = Digiwellbeing;
			sourceTree = "<group>";
		};
		6585B91D2E7C07AD003DB1CC /* DigiwellbeingTests */ = {
			isa = PBXFileSystemSynchronizedRootGroup;
			path = DigiwellbeingTests;
			sourceTree = "<group>";
		};
		6585B9272E7C07AD003DB1CC /* DigiwellbeingUITests */ = {
			isa = PBXFileSystemSynchronizedRootGroup;
			path = DigiwellbeingUITests;
			sourceTree = "<group>";
		};
		6585B93C2E7C090E003DB1CC /* Digitalwellbeing Watch APP Watch App */ = {
			isa = PBXFileSystemSynchronizedRootGroup;
			path = "Digitalwellbeing Watch APP Watch App";
			sourceTree = "<group>";
		};
		6585B94A2E7C0911003DB1CC /* Digitalwellbeing Watch APP Watch AppTests */ = {
			isa = PBXFileSystemSynchronizedRootGroup;
			path = "Digitalwellbeing Watch APP Watch AppTests";
			sourceTree = "<group>";
		};
		6585B9542E7C0911003DB1CC /* Digitalwellbeing Watch APP Watch AppUITests */ = {
			isa = PBXFileSystemSynchronizedRootGroup;
			path = "Digitalwellbeing Watch APP Watch AppUITests";
			sourceTree = "<group>";
		};
/* End PBXFileSystemSynchronizedRootGroup section */

/* Begin PBXFrameworksBuildPhase section */
		6585B90A2E7C07AA003DB1CC /* Frameworks */ = {
			isa = PBXFrameworksBuildPhase;
			buildActionMask = 2147483647;
			files = (
				650A1F212EBF4C0B00A4E9D0 /* Realtime in Frameworks */,
				650A1F1F2EBF4C0B00A4E9D0 /* PostgREST in Frameworks */,
				650A1F1D2EBF4C0B00A4E9D0 /* Functions in Frameworks */,
				659077222E9B5EAB000ABBE2 /* GoogleSignInSwift in Frameworks */,
				650A1F232EBF4C0B00A4E9D0 /* Storage in Frameworks */,
				650A1F282EBF55B700A4E9D0 /* Supabase in Frameworks */,
				6585B96C2E7C5067003DB1CC /* WatchConnectivity.framework in Frameworks */,
				650A1F1B2EBF4C0B00A4E9D0 /* Auth in Frameworks */,
				659077202E9B5EAB000ABBE2 /* GoogleSignIn in Frameworks */,
			);
			runOnlyForDeploymentPostprocessing = 0;
		};
		6585B9172E7C07AD003DB1CC /* Frameworks */ = {
			isa = PBXFrameworksBuildPhase;
			buildActionMask = 2147483647;
			files = (
			);
			runOnlyForDeploymentPostprocessing = 0;
		};
		6585B9212E7C07AD003DB1CC /* Frameworks */ = {
			isa = PBXFrameworksBuildPhase;
			buildActionMask = 2147483647;
			files = (
			);
			runOnlyForDeploymentPostprocessing = 0;
		};
		6585B9382E7C090E003DB1CC /* Frameworks */ = {
			isa = PBXFrameworksBuildPhase;
			buildActionMask = 2147483647;
			files = (
				6585B96E2E7C5087003DB1CC /* WatchConnectivity.framework in Frameworks */,
			);
			runOnlyForDeploymentPostprocessing = 0;
		};
		6585B9442E7C0911003DB1CC /* Frameworks */ = {
			isa = PBXFrameworksBuildPhase;
			buildActionMask = 2147483647;
			files = (
			);
			runOnlyForDeploymentPostprocessing = 0;
		};
		6585B94E2E7C0911003DB1CC /* Frameworks */ = {
			isa = PBXFrameworksBuildPhase;
			buildActionMask = 2147483647;
			files = (
			);
			runOnlyForDeploymentPostprocessing = 0;
		};
/* End PBXFrameworksBuildPhase section */

/* Begin PBXGroup section */
		6585B9042E7C07AA003DB1CC = {
			isa = PBXGroup;
			children = (
				6585B90F2E7C07AA003DB1CC /* Digiwellbeing */,
				6585B91D2E7C07AD003DB1CC /* DigiwellbeingTests */,
				6585B9272E7C07AD003DB1CC /* DigiwellbeingUITests */,
				6585B93C2E7C090E003DB1CC /* Digitalwellbeing Watch APP Watch App */,
				6585B9542E7C0911003DB1CC /* Digitalwellbeing Watch APP Watch AppUITests */,
				6585B96A2E7C5067003DB1CC /* Frameworks */,
				6585B94A2E7C0911003DB1CC /* Digitalwellbeing Watch APP Watch AppTests */,
				6585B90E2E7C07AA003DB1CC /* Products */,
			);
			sourceTree = "<group>";
		};
		6585B90E2E7C07AA003DB1CC /* Products */ = {
			isa = PBXGroup;
			children = (
				6585B90D2E7C07AA003DB1CC /* Digiwellbeing.app */,
				6585B91A2E7C07AD003DB1CC /* DigiwellbeingTests.xctest */,
				6585B9242E7C07AD003DB1CC /* DigiwellbeingUITests.xctest */,
				6585B93B2E7C090E003DB1CC /* Digitalwellbeing Watch APP Watch App.app */,
				6585B9472E7C0911003DB1CC /* Digitalwellbeing Watch APP Watch AppTests.xctest */,
				6585B9512E7C0911003DB1CC /* Digitalwellbeing Watch APP Watch AppUITests.xctest */,
			);
			name = Products;
			sourceTree = "<group>";
		};
		6585B96A2E7C5067003DB1CC /* Frameworks */ = {
			isa = PBXGroup;
			children = (
				6585B96D2E7C5086003DB1CC /* WatchConnectivity.framework */,
				6585B96B2E7C5067003DB1CC /* WatchConnectivity.framework */,
			);
			name = Frameworks;
			sourceTree = "<group>";
		};
/* End PBXGroup section */

/* Begin PBXNativeTarget section */
		6585B90C2E7C07AA003DB1CC /* Digiwellbeing */ = {
			isa = PBXNativeTarget;
			buildConfigurationList = 6585B92E2E7C07AD003DB1CC /* Build configuration list for PBXNativeTarget "Digiwellbeing" */;
			buildPhases = (
				6585B9092E7C07AA003DB1CC /* Sources */,
				6585B90A2E7C07AA003DB1CC /* Frameworks */,
				6585B90B2E7C07AA003DB1CC /* Resources */,
				6585B95F2E7C0911003DB1CC /* Embed Watch Content */,
			);
			buildRules = (
			);
			dependencies = (
				6585B95A2E7C0911003DB1CC /* PBXTargetDependency */,
			);
			fileSystemSynchronizedGroups = (
				6585B90F2E7C07AA003DB1CC /* Digiwellbeing */,
			);
			name = Digiwellbeing;
			packageProductDependencies = (
				6590771F2E9B5EAB000ABBE2 /* GoogleSignIn */,
				659077212E9B5EAB000ABBE2 /* GoogleSignInSwift */,
				650A1F1A2EBF4C0B00A4E9D0 /* Auth */,
				650A1F1C2EBF4C0B00A4E9D0 /* Functions */,
				650A1F1E2EBF4C0B00A4E9D0 /* PostgREST */,
				650A1F202EBF4C0B00A4E9D0 /* Realtime */,
				650A1F222EBF4C0B00A4E9D0 /* Storage */,
				650A1F272EBF55B700A4E9D0 /* Supabase */,
			);
			productName = Digiwellbeing;
			productReference = 6585B90D2E7C07AA003DB1CC /* Digiwellbeing.app */;
			productType = "com.apple.product-type.application";
		};
		6585B9192E7C07AD003DB1CC /* DigiwellbeingTests */ = {
			isa = PBXNativeTarget;
			buildConfigurationList = 6585B9312E7C07AD003DB1CC /* Build configuration list for PBXNativeTarget "DigiwellbeingTests" */;
			buildPhases = (
				6585B9162E7C07AD003DB1CC /* Sources */,
				6585B9172E7C07AD003DB1CC /* Frameworks */,
				6585B9182E7C07AD003DB1CC /* Resources */,
			);
			buildRules = (
			);
			dependencies = (
				6585B91C2E7C07AD003DB1CC /* PBXTargetDependency */,
			);
			fileSystemSynchronizedGroups = (
				6585B91D2E7C07AD003DB1CC /* DigiwellbeingTests */,
			);
			name = DigiwellbeingTests;
			packageProductDependencies = (
			);
			productName = DigiwellbeingTests;
			productReference = 6585B91A2E7C07AD003DB1CC /* DigiwellbeingTests.xctest */;
			productType = "com.apple.product-type.bundle.unit-test";
		};
		6585B9232E7C07AD003DB1CC /* DigiwellbeingUITests */ = {
			isa = PBXNativeTarget;
			buildConfigurationList = 6585B9342E7C07AD003DB1CC /* Build configuration list for PBXNativeTarget "DigiwellbeingUITests" */;
			buildPhases = (
				6585B9202E7C07AD003DB1CC /* Sources */,
				6585B9212E7C07AD003DB1CC /* Frameworks */,
				6585B9222E7C07AD003DB1CC /* Resources */,
			);
			buildRules = (
			);
			dependencies = (
				6585B9262E7C07AD003DB1CC /* PBXTargetDependency */,
			);
			fileSystemSynchronizedGroups = (
				6585B9272E7C07AD003DB1CC /* DigiwellbeingUITests */,
			);
			name = DigiwellbeingUITests;
			packageProductDependencies = (
			);
			productName = DigiwellbeingUITests;
			productReference = 6585B9242E7C07AD003DB1CC /* DigiwellbeingUITests.xctest */;
			productType = "com.apple.product-type.bundle.ui-testing";
		};
		6585B93A2E7C090E003DB1CC /* Digitalwellbeing Watch APP Watch App */ = {
			isa = PBXNativeTarget;
			buildConfigurationList = 6585B95C2E7C0911003DB1CC /* Build configuration list for PBXNativeTarget "Digitalwellbeing Watch APP Watch App" */;
			buildPhases = (
				6585B9372E7C090E003DB1CC /* Sources */,
				6585B9382E7C090E003DB1CC /* Frameworks */,
				6585B9392E7C090E003DB1CC /* Resources */,
			);
			buildRules = (
			);
			dependencies = (
			);
			fileSystemSynchronizedGroups = (
				6585B93C2E7C090E003DB1CC /* Digitalwellbeing Watch APP Watch App */,
			);
			name = "Digitalwellbeing Watch APP Watch App";
			packageProductDependencies = (
			);
			productName = "Digitalwellbeing Watch APP Watch App";
			productReference = 6585B93B2E7C090E003DB1CC /* Digitalwellbeing Watch APP Watch App.app */;
			productType = "com.apple.product-type.application";
		};
		6585B9462E7C0911003DB1CC /* Digitalwellbeing Watch APP Watch AppTests */ = {
			isa = PBXNativeTarget;
			buildConfigurationList = 6585B9602E7C0911003DB1CC /* Build configuration list for PBXNativeTarget "Digitalwellbeing Watch APP Watch AppTests" */;
			buildPhases = (
				6585B9432E7C0911003DB1CC /* Sources */,
				6585B9442E7C0911003DB1CC /* Frameworks */,
				6585B9452E7C0911003DB1CC /* Resources */,
			);
			buildRules = (
			);
			dependencies = (
				6585B9492E7C0911003DB1CC /* PBXTargetDependency */,
			);
			fileSystemSynchronizedGroups = (
				6585B94A2E7C0911003DB1CC /* Digitalwellbeing Watch APP Watch AppTests */,
			);
			name = "Digitalwellbeing Watch APP Watch AppTests";
			packageProductDependencies = (
			);
			productName = "Digitalwellbeing Watch APP Watch AppTests";
			productReference = 6585B9472E7C0911003DB1CC /* Digitalwellbeing Watch APP Watch AppTests.xctest */;
			productType = "com.apple.product-type.bundle.unit-test";
		};
		6585B9502E7C0911003DB1CC /* Digitalwellbeing Watch APP Watch AppUITests */ = {
			isa = PBXNativeTarget;
			buildConfigurationList = 6585B9632E7C0911003DB1CC /* Build configuration list for PBXNativeTarget "Digitalwellbeing Watch APP Watch AppUITests" */;
			buildPhases = (
				6585B94D2E7C0911003DB1CC /* Sources */,
				6585B94E2E7C0911003DB1CC /* Frameworks */,
				6585B94F2E7C0911003DB1CC /* Resources */,
			);
			buildRules = (
			);
			dependencies = (
				6585B9532E7C0911003DB1CC /* PBXTargetDependency */,
			);
			fileSystemSynchronizedGroups = (
				6585B9542E7C0911003DB1CC /* Digitalwellbeing Watch APP Watch AppUITests */,
			);
			name = "Digitalwellbeing Watch APP Watch AppUITests";
			packageProductDependencies = (
			);
			productName = "Digitalwellbeing Watch APP Watch AppUITests";
			productReference = 6585B9512E7C0911003DB1CC /* Digitalwellbeing Watch APP Watch AppUITests.xctest */;
			productType = "com.apple.product-type.bundle.ui-testing";
		};
/* End PBXNativeTarget section */

/* Begin PBXProject section */
		6585B9052E7C07AA003DB1CC /* Project object */ = {
			isa = PBXProject;
			attributes = {
				BuildIndependentTargetsInParallel = 1;
				LastSwiftUpdateCheck = 2600;
				LastUpgradeCheck = 2600;
				TargetAttributes = {
					6585B90C2E7C07AA003DB1CC = {
						CreatedOnToolsVersion = 26.0;
					};
					6585B9192E7C07AD003DB1CC = {
						CreatedOnToolsVersion = 26.0;
						TestTargetID = 6585B90C2E7C07AA003DB1CC;
					};
					6585B9232E7C07AD003DB1CC = {
						CreatedOnToolsVersion = 26.0;
						TestTargetID = 6585B90C2E7C07AA003DB1CC;
					};
					6585B93A2E7C090E003DB1CC = {
						CreatedOnToolsVersion = 26.0;
					};
					6585B9462E7C0911003DB1CC = {
						CreatedOnToolsVersion = 26.0;
						TestTargetID = 6585B93A2E7C090E003DB1CC;
					};
					6585B9502E7C0911003DB1CC = {
						CreatedOnToolsVersion = 26.0;
						TestTargetID = 6585B93A2E7C090E003DB1CC;
					};
				};
			};
			buildConfigurationList = 6585B9082E7C07AA003DB1CC /* Build configuration list for PBXProject "Digiwellbeing" */;
			developmentRegion = en;
			hasScannedForEncodings = 0;
			knownRegions = (
				en,
				Base,
			);
			mainGroup = 6585B9042E7C07AA003DB1CC;
			minimizedProjectReferenceProxies = 1;
			packageReferences = (
				6590771E2E9B5EAB000ABBE2 /* XCRemoteSwiftPackageReference "GoogleSignIn-iOS" */,
				650A1F192EBF4C0B00A4E9D0 /* XCRemoteSwiftPackageReference "supabase-swift" */,
			);
			preferredProjectObjectVersion = 77;
			productRefGroup = 6585B90E2E7C07AA003DB1CC /* Products */;
			projectDirPath = "";
			projectRoot = "";
			targets = (
				6585B90C2E7C07AA003DB1CC /* Digiwellbeing */,
				6585B9192E7C07AD003DB1CC /* DigiwellbeingTests */,
				6585B9232E7C07AD003DB1CC /* DigiwellbeingUITests */,
				6585B93A2E7C090E003DB1CC /* Digitalwellbeing Watch APP Watch App */,
				6585B9462E7C0911003DB1CC /* Digitalwellbeing Watch APP Watch AppTests */,
				6585B9502E7C0911003DB1CC /* Digitalwellbeing Watch APP Watch AppUITests */,
			);
		};
/* End PBXProject section */

/* Begin PBXResourcesBuildPhase section */
		6585B90B2E7C07AA003DB1CC /* Resources */ = {
			isa = PBXResourcesBuildPhase;
			buildActionMask = 2147483647;
			files = (
			);
			runOnlyForDeploymentPostprocessing = 0;
		};
		6585B9182E7C07AD003DB1CC /* Resources */ = {
			isa = PBXResourcesBuildPhase;
			buildActionMask = 2147483647;
			files = (
			);
			runOnlyForDeploymentPostprocessing = 0;
		};
		6585B9222E7C07AD003DB1CC /* Resources */ = {
			isa = PBXResourcesBuildPhase;
			buildActionMask = 2147483647;
			files = (
			);
			runOnlyForDeploymentPostprocessing = 0;
		};
		6585B9392E7C090E003DB1CC /* Resources */ = {
			isa = PBXResourcesBuildPhase;
			buildActionMask = 2147483647;
			files = (
			);
			runOnlyForDeploymentPostprocessing = 0;
		};
		6585B9452E7C0911003DB1CC /* Resources */ = {
			isa = PBXResourcesBuildPhase;
			buildActionMask = 2147483647;
			files = (
			);
			runOnlyForDeploymentPostprocessing = 0;
		};
		6585B94F2E7C0911003DB1CC /* Resources */ = {
			isa = PBXResourcesBuildPhase;
			buildActionMask = 2147483647;
			files = (
			);
			runOnlyForDeploymentPostprocessing = 0;
		};
/* End PBXResourcesBuildPhase section */

/* Begin PBXSourcesBuildPhase section */
		6585B9092E7C07AA003DB1CC /* Sources */ = {
			isa = PBXSourcesBuildPhase;
			buildActionMask = 2147483647;
			files = (
			);
			runOnlyForDeploymentPostprocessing = 0;
		};
		6585B9162E7C07AD003DB1CC /* Sources */ = {
			isa = PBXSourcesBuildPhase;
			buildActionMask = 2147483647;
			files = (
			);
			runOnlyForDeploymentPostprocessing = 0;
		};
		6585B9202E7C07AD003DB1CC /* Sources */ = {
			isa = PBXSourcesBuildPhase;
			buildActionMask = 2147483647;
			files = (
			);
			runOnlyForDeploymentPostprocessing = 0;
		};
		6585B9372E7C090E003DB1CC /* Sources */ = {
			isa = PBXSourcesBuildPhase;
			buildActionMask = 2147483647;
			files = (
			);
			runOnlyForDeploymentPostprocessing = 0;
		};
		6585B9432E7C0911003DB1CC /* Sources */ = {
			isa = PBXSourcesBuildPhase;
			buildActionMask = 2147483647;
			files = (
			);
			runOnlyForDeploymentPostprocessing = 0;
		};
		6585B94D2E7C0911003DB1CC /* Sources */ = {
			isa = PBXSourcesBuildPhase;
			buildActionMask = 2147483647;
			files = (
			);
			runOnlyForDeploymentPostprocessing = 0;
		};
/* End PBXSourcesBuildPhase section */

/* Begin PBXTargetDependency section */
		6585B91C2E7C07AD003DB1CC /* PBXTargetDependency */ = {
			isa = PBXTargetDependency;
			target = 6585B90C2E7C07AA003DB1CC /* Digiwellbeing */;
			targetProxy = 6585B91B2E7C07AD003DB1CC /* PBXContainerItemProxy */;
		};
		6585B9262E7C07AD003DB1CC /* PBXTargetDependency */ = {
			isa = PBXTargetDependency;
			target = 6585B90C2E7C07AA003DB1CC /* Digiwellbeing */;
			targetProxy = 6585B9252E7C07AD003DB1CC /* PBXContainerItemProxy */;
		};
		6585B9492E7C0911003DB1CC /* PBXTargetDependency */ = {
			isa = PBXTargetDependency;
			target = 6585B93A2E7C090E003DB1CC /* Digitalwellbeing Watch APP Watch App */;
			targetProxy = 6585B9482E7C0911003DB1CC /* PBXContainerItemProxy */;
		};
		6585B9532E7C0911003DB1CC /* PBXTargetDependency */ = {
			isa = PBXTargetDependency;
			target = 6585B93A2E7C090E003DB1CC /* Digitalwellbeing Watch APP Watch App */;
			targetProxy = 6585B9522E7C0911003DB1CC /* PBXContainerItemProxy */;
		};
		6585B95A2E7C0911003DB1CC /* PBXTargetDependency */ = {
			isa = PBXTargetDependency;
			target = 6585B93A2E7C090E003DB1CC /* Digitalwellbeing Watch APP Watch App */;
			targetProxy = 6585B9592E7C0911003DB1CC /* PBXContainerItemProxy */;
		};
/* End PBXTargetDependency section */

/* Begin XCBuildConfiguration section */
		6585B92C2E7C07AD003DB1CC /* Debug */ = {
			isa = XCBuildConfiguration;
			buildSettings = {
				ALWAYS_SEARCH_USER_PATHS = NO;
				ASSETCATALOG_COMPILER_GENERATE_SWIFT_ASSET_SYMBOL_EXTENSIONS = YES;
				CLANG_ANALYZER_NONNULL = YES;
				CLANG_ANALYZER_NUMBER_OBJECT_CONVERSION = YES_AGGRESSIVE;
				CLANG_CXX_LANGUAGE_STANDARD = "gnu++20";
				CLANG_ENABLE_MODULES = YES;
				CLANG_ENABLE_OBJC_ARC = YES;
				CLANG_ENABLE_OBJC_WEAK = YES;
				CLANG_WARN_BLOCK_CAPTURE_AUTORELEASING = YES;
				CLANG_WARN_BOOL_CONVERSION = YES;
				CLANG_WARN_COMMA = YES;
				CLANG_WARN_CONSTANT_CONVERSION = YES;
				CLANG_WARN_DEPRECATED_OBJC_IMPLEMENTATIONS = YES;
				CLANG_WARN_DIRECT_OBJC_ISA_USAGE = YES_ERROR;
				CLANG_WARN_DOCUMENTATION_COMMENTS = YES;
				CLANG_WARN_EMPTY_BODY = YES;
				CLANG_WARN_ENUM_CONVERSION = YES;
				CLANG_WARN_INFINITE_RECURSION = YES;
				CLANG_WARN_INT_CONVERSION = YES;
				CLANG_WARN_NON_LITERAL_NULL_CONVERSION = YES;
				CLANG_WARN_OBJC_IMPLICIT_RETAIN_SELF = YES;
				CLANG_WARN_OBJC_LITERAL_CONVERSION = YES;
				CLANG_WARN_OBJC_ROOT_CLASS = YES_ERROR;
				CLANG_WARN_QUOTED_INCLUDE_IN_FRAMEWORK_HEADER = YES;
				CLANG_WARN_RANGE_LOOP_ANALYSIS = YES;
				CLANG_WARN_STRICT_PROTOTYPES = YES;
				CLANG_WARN_SUSPICIOUS_MOVE = YES;
				CLANG_WARN_UNGUARDED_AVAILABILITY = YES_AGGRESSIVE;
				CLANG_WARN_UNREACHABLE_CODE = YES;
				CLANG_WARN__DUPLICATE_METHOD_MATCH = YES;
				COPY_PHASE_STRIP = NO;
				DEBUG_INFORMATION_FORMAT = dwarf;
				ENABLE_STRICT_OBJC_MSGSEND = YES;
				ENABLE_TESTABILITY = YES;
				ENABLE_USER_SCRIPT_SANDBOXING = YES;
				GCC_C_LANGUAGE_STANDARD = gnu17;
				GCC_DYNAMIC_NO_PIC = NO;
				GCC_NO_COMMON_BLOCKS = YES;
				GCC_OPTIMIZATION_LEVEL = 0;
				GCC_PREPROCESSOR_DEFINITIONS = (
					"DEBUG=1",
					"$(inherited)",
				);
				GCC_WARN_64_TO_32_BIT_CONVERSION = YES;
				GCC_WARN_ABOUT_RETURN_TYPE = YES_ERROR;
				GCC_WARN_UNDECLARED_SELECTOR = YES;
				GCC_WARN_UNINITIALIZED_AUTOS = YES_AGGRESSIVE;
				GCC_WARN_UNUSED_FUNCTION = YES;
				GCC_WARN_UNUSED_VARIABLE = YES;
				IPHONEOS_DEPLOYMENT_TARGET = 26.0;
				LOCALIZATION_PREFERS_STRING_CATALOGS = YES;
				MTL_ENABLE_DEBUG_INFO = INCLUDE_SOURCE;
				MTL_FAST_MATH = YES;
				ONLY_ACTIVE_ARCH = YES;
				SDKROOT = iphoneos;
				SWIFT_ACTIVE_COMPILATION_CONDITIONS = "DEBUG $(inherited)";
				SWIFT_OPTIMIZATION_LEVEL = "-Onone";
			};
			name = Debug;
		};
		6585B92D2E7C07AD003DB1CC /* Release */ = {
			isa = XCBuildConfiguration;
			buildSettings = {
				ALWAYS_SEARCH_USER_PATHS = NO;
				ASSETCATALOG_COMPILER_GENERATE_SWIFT_ASSET_SYMBOL_EXTENSIONS = YES;
				CLANG_ANALYZER_NONNULL = YES;
				CLANG_ANALYZER_NUMBER_OBJECT_CONVERSION = YES_AGGRESSIVE;
				CLANG_CXX_LANGUAGE_STANDARD = "gnu++20";
				CLANG_ENABLE_MODULES = YES;
				CLANG_ENABLE_OBJC_ARC = YES;
				CLANG_ENABLE_OBJC_WEAK = YES;
				CLANG_WARN_BLOCK_CAPTURE_AUTORELEASING = YES;
				CLANG_WARN_BOOL_CONVERSION = YES;
				CLANG_WARN_COMMA = YES;
				CLANG_WARN_CONSTANT_CONVERSION = YES;
				CLANG_WARN_DEPRECATED_OBJC_IMPLEMENTATIONS = YES;
				CLANG_WARN_DIRECT_OBJC_ISA_USAGE = YES_ERROR;
				CLANG_WARN_DOCUMENTATION_COMMENTS = YES;
				CLANG_WARN_EMPTY_BODY = YES;
				CLANG_WARN_ENUM_CONVERSION = YES;
				CLANG_WARN_INFINITE_RECURSION = YES;
				CLANG_WARN_INT_CONVERSION = YES;
				CLANG_WARN_NON_LITERAL_NULL_CONVERSION = YES;
				CLANG_WARN_OBJC_IMPLICIT_RETAIN_SELF = YES;
				CLANG_WARN_OBJC_LITERAL_CONVERSION = YES;
				CLANG_WARN_OBJC_ROOT_CLASS = YES_ERROR;
				CLANG_WARN_QUOTED_INCLUDE_IN_FRAMEWORK_HEADER = YES;
				CLANG_WARN_RANGE_LOOP_ANALYSIS = YES;
				CLANG_WARN_STRICT_PROTOTYPES = YES;
				CLANG_WARN_SUSPICIOUS_MOVE = YES;
				CLANG_WARN_UNGUARDED_AVAILABILITY = YES_AGGRESSIVE;
				CLANG_WARN_UNREACHABLE_CODE = YES;
				CLANG_WARN__DUPLICATE_METHOD_MATCH = YES;
				COPY_PHASE_STRIP = NO;
				DEBUG_INFORMATION_FORMAT = "dwarf-with-dsym";
				ENABLE_NS_ASSERTIONS = NO;
				ENABLE_STRICT_OBJC_MSGSEND = YES;
				ENABLE_USER_SCRIPT_SANDBOXING = YES;
				GCC_C_LANGUAGE_STANDARD = gnu17;
				GCC_NO_COMMON_BLOCKS = YES;
				GCC_WARN_64_TO_32_BIT_CONVERSION = YES;
				GCC_WARN_ABOUT_RETURN_TYPE = YES_ERROR;
				GCC_WARN_UNDECLARED_SELECTOR = YES;
				GCC_WARN_UNINITIALIZED_AUTOS = YES_AGGRESSIVE;
				GCC_WARN_UNUSED_FUNCTION = YES;
				GCC_WARN_UNUSED_VARIABLE = YES;
				IPHONEOS_DEPLOYMENT_TARGET = 26.0;
				LOCALIZATION_PREFERS_STRING_CATALOGS = YES;
				MTL_ENABLE_DEBUG_INFO = NO;
				MTL_FAST_MATH = YES;
				SDKROOT = iphoneos;
				SWIFT_COMPILATION_MODE = wholemodule;
				VALIDATE_PRODUCT = YES;
			};
			name = Release;
		};
		6585B92F2E7C07AD003DB1CC /* Debug */ = {
			isa = XCBuildConfiguration;
			buildSettings = {
				ASSETCATALOG_COMPILER_APPICON_NAME = AppIcon;
				ASSETCATALOG_COMPILER_GLOBAL_ACCENT_COLOR_NAME = AccentColor;
				CODE_SIGN_ENTITLEMENTS = Digiwellbeing/Digiwellbeing.entitlements;
				CODE_SIGN_IDENTITY = "Apple Development";
				CODE_SIGN_STYLE = Automatic;
				CURRENT_PROJECT_VERSION = 1;
				DEVELOPMENT_TEAM = 9BMVB9C35B;
				ENABLE_PREVIEWS = YES;
				GENERATE_INFOPLIST_FILE = YES;
				INFOPLIST_FILE = Digiwellbeing/Info.plist;
				INFOPLIST_KEY_NSHealthShareUsageDescription = "This app reads your Health data (heart rate, steps, distance, blood oxygen, sleep, exercise minutes, VO₂ max, and workouts) to display metrics and share them with your caretaker.";
				INFOPLIST_KEY_NSHealthUpdateUsageDescription = "This app may update your Health data only if you enable features that write data.";
				INFOPLIST_KEY_NSMotionUsageDescription = "Motion & Fitness data (steps and distance) is used to show your daily activity in real time.";
				INFOPLIST_KEY_UIApplicationSceneManifest_Generation = YES;
				INFOPLIST_KEY_UIApplicationSupportsIndirectInputEvents = YES;
				INFOPLIST_KEY_UILaunchScreen_Generation = YES;
				INFOPLIST_KEY_UISupportedInterfaceOrientations_iPad = "UIInterfaceOrientationPortrait UIInterfaceOrientationPortraitUpsideDown UIInterfaceOrientationLandscapeLeft UIInterfaceOrientationLandscapeRight";
				INFOPLIST_KEY_UISupportedInterfaceOrientations_iPhone = "UIInterfaceOrientationPortrait UIInterfaceOrientationLandscapeLeft UIInterfaceOrientationLandscapeRight";
				LD_RUNPATH_SEARCH_PATHS = (
					"$(inherited)",
					"@executable_path/Frameworks",
				);
				MARKETING_VERSION = 1.0;
				PRODUCT_BUNDLE_IDENTIFIER = Nathcorp.Digiwellbeing;
				PRODUCT_NAME = "$(TARGET_NAME)";
				PROVISIONING_PROFILE_SPECIFIER = "";
				STRING_CATALOG_GENERATE_SYMBOLS = YES;
				SUPPORTED_PLATFORMS = "iphoneos iphonesimulator";
				SUPPORTS_MACCATALYST = NO;
				SUPPORTS_MAC_DESIGNED_FOR_IPHONE_IPAD = NO;
				SUPPORTS_XR_DESIGNED_FOR_IPHONE_IPAD = NO;
				SWIFT_APPROACHABLE_CONCURRENCY = YES;
				SWIFT_DEFAULT_ACTOR_ISOLATION = MainActor;
				SWIFT_EMIT_LOC_STRINGS = YES;
				SWIFT_UPCOMING_FEATURE_MEMBER_IMPORT_VISIBILITY = YES;
				SWIFT_VERSION = 5.0;
				TARGETED_DEVICE_FAMILY = "1,2";
			};
			name = Debug;
		};
		6585B9302E7C07AD003DB1CC /* Release */ = {
			isa = XCBuildConfiguration;
			buildSettings = {
				ASSETCATALOG_COMPILER_APPICON_NAME = AppIcon;
				ASSETCATALOG_COMPILER_GLOBAL_ACCENT_COLOR_NAME = AccentColor;
				CODE_SIGN_ENTITLEMENTS = Digiwellbeing/Digiwellbeing.entitlements;
				CODE_SIGN_IDENTITY = "Apple Development";
				CODE_SIGN_STYLE = Automatic;
				CURRENT_PROJECT_VERSION = 1;
				DEVELOPMENT_TEAM = 9BMVB9C35B;
				ENABLE_PREVIEWS = YES;
				GENERATE_INFOPLIST_FILE = YES;
				INFOPLIST_FILE = Digiwellbeing/Info.plist;
				INFOPLIST_KEY_NSHealthShareUsageDescription = "This app reads your Health data (heart rate, steps, distance, blood oxygen, sleep, exercise minutes, VO₂ max, and workouts) to display metrics and share them with your caretaker.";
				INFOPLIST_KEY_NSHealthUpdateUsageDescription = "This app may update your Health data only if you enable features that write data.";
				INFOPLIST_KEY_NSMotionUsageDescription = "Motion & Fitness data (steps and distance) is used to show your daily activity in real time.";
				INFOPLIST_KEY_UIApplicationSceneManifest_Generation = YES;
				INFOPLIST_KEY_UIApplicationSupportsIndirectInputEvents = YES;
				INFOPLIST_KEY_UILaunchScreen_Generation = YES;
				INFOPLIST_KEY_UISupportedInterfaceOrientations_iPad = "UIInterfaceOrientationPortrait UIInterfaceOrientationPortraitUpsideDown UIInterfaceOrientationLandscapeLeft UIInterfaceOrientationLandscapeRight";
				INFOPLIST_KEY_UISupportedInterfaceOrientations_iPhone = "UIInterfaceOrientationPortrait UIInterfaceOrientationLandscapeLeft UIInterfaceOrientationLandscapeRight";
				LD_RUNPATH_SEARCH_PATHS = (
					"$(inherited)",
					"@executable_path/Frameworks",
				);
				MARKETING_VERSION = 1.0;
				PRODUCT_BUNDLE_IDENTIFIER = Nathcorp.Digiwellbeing;
				PRODUCT_NAME = "$(TARGET_NAME)";
				PROVISIONING_PROFILE_SPECIFIER = "";
				STRING_CATALOG_GENERATE_SYMBOLS = YES;
				SUPPORTED_PLATFORMS = "iphoneos iphonesimulator";
				SUPPORTS_MACCATALYST = NO;
				SUPPORTS_MAC_DESIGNED_FOR_IPHONE_IPAD = NO;
				SUPPORTS_XR_DESIGNED_FOR_IPHONE_IPAD = NO;
				SWIFT_APPROACHABLE_CONCURRENCY = YES;
				SWIFT_DEFAULT_ACTOR_ISOLATION = MainActor;
				SWIFT_EMIT_LOC_STRINGS = YES;
				SWIFT_UPCOMING_FEATURE_MEMBER_IMPORT_VISIBILITY = YES;
				SWIFT_VERSION = 5.0;
				TARGETED_DEVICE_FAMILY = "1,2";
			};
			name = Release;
		};
		6585B9322E7C07AD003DB1CC /* Debug */ = {
			isa = XCBuildConfiguration;
			buildSettings = {
				BUNDLE_LOADER = "$(TEST_HOST)";
				CODE_SIGN_STYLE = Automatic;
				CURRENT_PROJECT_VERSION = 1;
				GENERATE_INFOPLIST_FILE = YES;
				IPHONEOS_DEPLOYMENT_TARGET = 26.0;
				MARKETING_VERSION = 1.0;
				PRODUCT_BUNDLE_IDENTIFIER = Nathcorp.DigiwellbeingTests;
				PRODUCT_NAME = "$(TARGET_NAME)";
				STRING_CATALOG_GENERATE_SYMBOLS = NO;
				SWIFT_APPROACHABLE_CONCURRENCY = YES;
				SWIFT_EMIT_LOC_STRINGS = NO;
				SWIFT_UPCOMING_FEATURE_MEMBER_IMPORT_VISIBILITY = YES;
				SWIFT_VERSION = 5.0;
				TARGETED_DEVICE_FAMILY = "1,2";
				TEST_HOST = "$(BUILT_PRODUCTS_DIR)/Digiwellbeing.app/$(BUNDLE_EXECUTABLE_FOLDER_PATH)/Digiwellbeing";
			};
			name = Debug;
		};
		6585B9332E7C07AD003DB1CC /* Release */ = {
			isa = XCBuildConfiguration;
			buildSettings = {
				BUNDLE_LOADER = "$(TEST_HOST)";
				CODE_SIGN_STYLE = Automatic;
				CURRENT_PROJECT_VERSION = 1;
				GENERATE_INFOPLIST_FILE = YES;
				IPHONEOS_DEPLOYMENT_TARGET = 26.0;
				MARKETING_VERSION = 1.0;
				PRODUCT_BUNDLE_IDENTIFIER = Nathcorp.DigiwellbeingTests;
				PRODUCT_NAME = "$(TARGET_NAME)";
				STRING_CATALOG_GENERATE_SYMBOLS = NO;
				SWIFT_APPROACHABLE_CONCURRENCY = YES;
				SWIFT_EMIT_LOC_STRINGS = NO;
				SWIFT_UPCOMING_FEATURE_MEMBER_IMPORT_VISIBILITY = YES;
				SWIFT_VERSION = 5.0;
				TARGETED_DEVICE_FAMILY = "1,2";
				TEST_HOST = "$(BUILT_PRODUCTS_DIR)/Digiwellbeing.app/$(BUNDLE_EXECUTABLE_FOLDER_PATH)/Digiwellbeing";
			};
			name = Release;
		};
		6585B9352E7C07AD003DB1CC /* Debug */ = {
			isa = XCBuildConfiguration;
			buildSettings = {
				CODE_SIGN_STYLE = Automatic;
				CURRENT_PROJECT_VERSION = 1;
				GENERATE_INFOPLIST_FILE = YES;
				MARKETING_VERSION = 1.0;
				PRODUCT_BUNDLE_IDENTIFIER = Nathcorp.DigiwellbeingUITests;
				PRODUCT_NAME = "$(TARGET_NAME)";
				STRING_CATALOG_GENERATE_SYMBOLS = NO;
				SWIFT_APPROACHABLE_CONCURRENCY = YES;
				SWIFT_EMIT_LOC_STRINGS = NO;
				SWIFT_UPCOMING_FEATURE_MEMBER_IMPORT_VISIBILITY = YES;
				SWIFT_VERSION = 5.0;
				TARGETED_DEVICE_FAMILY = "1,2";
				TEST_TARGET_NAME = Digiwellbeing;
			};
			name = Debug;
		};
		6585B9362E7C07AD003DB1CC /* Release */ = {
			isa = XCBuildConfiguration;
			buildSettings = {
				CODE_SIGN_STYLE = Automatic;
				CURRENT_PROJECT_VERSION = 1;
				GENERATE_INFOPLIST_FILE = YES;
				MARKETING_VERSION = 1.0;
				PRODUCT_BUNDLE_IDENTIFIER = Nathcorp.DigiwellbeingUITests;
				PRODUCT_NAME = "$(TARGET_NAME)";
				STRING_CATALOG_GENERATE_SYMBOLS = NO;
				SWIFT_APPROACHABLE_CONCURRENCY = YES;
				SWIFT_EMIT_LOC_STRINGS = NO;
				SWIFT_UPCOMING_FEATURE_MEMBER_IMPORT_VISIBILITY = YES;
				SWIFT_VERSION = 5.0;
				TARGETED_DEVICE_FAMILY = "1,2";
				TEST_TARGET_NAME = Digiwellbeing;
			};
			name = Release;
		};
		6585B95D2E7C0911003DB1CC /* Debug */ = {
			isa = XCBuildConfiguration;
			buildSettings = {
				ASSETCATALOG_COMPILER_APPICON_NAME = AppIcon;
				ASSETCATALOG_COMPILER_GLOBAL_ACCENT_COLOR_NAME = AccentColor;
				CODE_SIGN_ENTITLEMENTS = "Digitalwellbeing Watch APP Watch App/Digitalwellbeing Watch APP Watch App.entitlements";
				CODE_SIGN_IDENTITY = "Apple Development";
				CODE_SIGN_STYLE = Automatic;
				CURRENT_PROJECT_VERSION = 1;
				DEVELOPMENT_TEAM = 9BMVB9C35B;
				ENABLE_PREVIEWS = YES;
				GENERATE_INFOPLIST_FILE = YES;
				INFOPLIST_FILE = "Digitalwellbeing-Watch-APP-Watch-App-Info.plist";
				INFOPLIST_KEY_CFBundleDisplayName = "Digitalwellbeing Watch APP";
				INFOPLIST_KEY_LSApplicationCategoryType = "";
				INFOPLIST_KEY_NSHealthClinicalHealthRecordsShareUsageDescription = "This app required permision to read clinincal data for you record.";
				INFOPLIST_KEY_NSHealthShareUsageDescription = "This app needs access to heart rate data to monitor your cardiovascular health and provide personalized insights";
				INFOPLIST_KEY_NSHealthUpdateUsageDescription = "This app needs to save heart rate data to your Health app to maintain accurate health records.";
				INFOPLIST_KEY_UISupportedInterfaceOrientations = "UIInterfaceOrientationPortrait UIInterfaceOrientationPortraitUpsideDown";
				INFOPLIST_KEY_WKCompanionAppBundleIdentifier = Nathcorp.Digiwellbeing;
				LD_RUNPATH_SEARCH_PATHS = (
					"$(inherited)",
					"@executable_path/Frameworks",
				);
				MARKETING_VERSION = 1.0;
				PRODUCT_BUNDLE_IDENTIFIER = Nathcorp.Digiwellbeing.watchkitapp;
				PRODUCT_NAME = "$(TARGET_NAME)";
				PROVISIONING_PROFILE_SPECIFIER = "";
				SDKROOT = watchos;
				SKIP_INSTALL = YES;
				STRING_CATALOG_GENERATE_SYMBOLS = YES;
				SWIFT_APPROACHABLE_CONCURRENCY = YES;
				SWIFT_DEFAULT_ACTOR_ISOLATION = MainActor;
				SWIFT_EMIT_LOC_STRINGS = YES;
				SWIFT_UPCOMING_FEATURE_MEMBER_IMPORT_VISIBILITY = YES;
				SWIFT_VERSION = 5.0;
				TARGETED_DEVICE_FAMILY = 4;
				WATCHOS_DEPLOYMENT_TARGET = 26.0;
			};
			name = Debug;
		};
		6585B95E2E7C0911003DB1CC /* Release */ = {
			isa = XCBuildConfiguration;
			buildSettings = {
				ASSETCATALOG_COMPILER_APPICON_NAME = AppIcon;
				ASSETCATALOG_COMPILER_GLOBAL_ACCENT_COLOR_NAME = AccentColor;
				CODE_SIGN_ENTITLEMENTS = "Digitalwellbeing Watch APP Watch App/Digitalwellbeing Watch APP Watch App.entitlements";
				CODE_SIGN_IDENTITY = "Apple Development";
				CODE_SIGN_STYLE = Automatic;
				CURRENT_PROJECT_VERSION = 1;
				DEVELOPMENT_TEAM = 9BMVB9C35B;
				ENABLE_PREVIEWS = YES;
				GENERATE_INFOPLIST_FILE = YES;
				INFOPLIST_FILE = "Digitalwellbeing-Watch-APP-Watch-App-Info.plist";
				INFOPLIST_KEY_CFBundleDisplayName = "Digitalwellbeing Watch APP";
				INFOPLIST_KEY_LSApplicationCategoryType = "";
				INFOPLIST_KEY_NSHealthClinicalHealthRecordsShareUsageDescription = "This app required permision to read clinincal data for you record.";
				INFOPLIST_KEY_NSHealthShareUsageDescription = "This app needs access to heart rate data to monitor your cardiovascular health and provide personalized insights";
				INFOPLIST_KEY_NSHealthUpdateUsageDescription = "This app needs to save heart rate data to your Health app to maintain accurate health records.";
				INFOPLIST_KEY_UISupportedInterfaceOrientations = "UIInterfaceOrientationPortrait UIInterfaceOrientationPortraitUpsideDown";
				INFOPLIST_KEY_WKCompanionAppBundleIdentifier = Nathcorp.Digiwellbeing;
				LD_RUNPATH_SEARCH_PATHS = (
					"$(inherited)",
					"@executable_path/Frameworks",
				);
				MARKETING_VERSION = 1.0;
				PRODUCT_BUNDLE_IDENTIFIER = Nathcorp.Digiwellbeing.watchkitapp;
				PRODUCT_NAME = "$(TARGET_NAME)";
				PROVISIONING_PROFILE_SPECIFIER = "";
				SDKROOT = watchos;
				SKIP_INSTALL = YES;
				STRING_CATALOG_GENERATE_SYMBOLS = YES;
				SWIFT_APPROACHABLE_CONCURRENCY = YES;
				SWIFT_DEFAULT_ACTOR_ISOLATION = MainActor;
				SWIFT_EMIT_LOC_STRINGS = YES;
				SWIFT_UPCOMING_FEATURE_MEMBER_IMPORT_VISIBILITY = YES;
				SWIFT_VERSION = 5.0;
				TARGETED_DEVICE_FAMILY = 4;
				WATCHOS_DEPLOYMENT_TARGET = 26.0;
			};
			name = Release;
		};
		6585B9612E7C0911003DB1CC /* Debug */ = {
			isa = XCBuildConfiguration;
			buildSettings = {
				BUNDLE_LOADER = "$(TEST_HOST)";
				CODE_SIGN_STYLE = Automatic;
				CURRENT_PROJECT_VERSION = 1;
				GENERATE_INFOPLIST_FILE = YES;
				MARKETING_VERSION = 1.0;
				PRODUCT_BUNDLE_IDENTIFIER = "Nathcorp.Digitalwellbeing-Watch-APP-Watch-AppTests";
				PRODUCT_NAME = "$(TARGET_NAME)";
				SDKROOT = watchos;
				STRING_CATALOG_GENERATE_SYMBOLS = NO;
				SWIFT_APPROACHABLE_CONCURRENCY = YES;
				SWIFT_EMIT_LOC_STRINGS = NO;
				SWIFT_UPCOMING_FEATURE_MEMBER_IMPORT_VISIBILITY = YES;
				SWIFT_VERSION = 5.0;
				TARGETED_DEVICE_FAMILY = 4;
				TEST_HOST = "$(BUILT_PRODUCTS_DIR)/Digitalwellbeing Watch APP Watch App.app/$(BUNDLE_EXECUTABLE_FOLDER_PATH)/Digitalwellbeing Watch APP Watch App";
				WATCHOS_DEPLOYMENT_TARGET = 26.0;
			};
			name = Debug;
		};
		6585B9622E7C0911003DB1CC /* Release */ = {
			isa = XCBuildConfiguration;
			buildSettings = {
				BUNDLE_LOADER = "$(TEST_HOST)";
				CODE_SIGN_STYLE = Automatic;
				CURRENT_PROJECT_VERSION = 1;
				GENERATE_INFOPLIST_FILE = YES;
				MARKETING_VERSION = 1.0;
				PRODUCT_BUNDLE_IDENTIFIER = "Nathcorp.Digitalwellbeing-Watch-APP-Watch-AppTests";
				PRODUCT_NAME = "$(TARGET_NAME)";
				SDKROOT = watchos;
				STRING_CATALOG_GENERATE_SYMBOLS = NO;
				SWIFT_APPROACHABLE_CONCURRENCY = YES;
				SWIFT_EMIT_LOC_STRINGS = NO;
				SWIFT_UPCOMING_FEATURE_MEMBER_IMPORT_VISIBILITY = YES;
				SWIFT_VERSION = 5.0;
				TARGETED_DEVICE_FAMILY = 4;
				TEST_HOST = "$(BUILT_PRODUCTS_DIR)/Digitalwellbeing Watch APP Watch App.app/$(BUNDLE_EXECUTABLE_FOLDER_PATH)/Digitalwellbeing Watch APP Watch App";
				WATCHOS_DEPLOYMENT_TARGET = 26.0;
			};
			name = Release;
		};
		6585B9642E7C0911003DB1CC /* Debug */ = {
			isa = XCBuildConfiguration;
			buildSettings = {
				CODE_SIGN_STYLE = Automatic;
				CURRENT_PROJECT_VERSION = 1;
				GENERATE_INFOPLIST_FILE = YES;
				MARKETING_VERSION = 1.0;
				PRODUCT_BUNDLE_IDENTIFIER = "Nathcorp.Digitalwellbeing-Watch-APP-Watch-AppUITests";
				PRODUCT_NAME = "$(TARGET_NAME)";
				SDKROOT = watchos;
				STRING_CATALOG_GENERATE_SYMBOLS = NO;
				SWIFT_APPROACHABLE_CONCURRENCY = YES;
				SWIFT_EMIT_LOC_STRINGS = NO;
				SWIFT_UPCOMING_FEATURE_MEMBER_IMPORT_VISIBILITY = YES;
				SWIFT_VERSION = 5.0;
				TARGETED_DEVICE_FAMILY = 4;
				TEST_TARGET_NAME = "Digitalwellbeing Watch APP Watch App";
				WATCHOS_DEPLOYMENT_TARGET = 26.0;
			};
			name = Debug;
		};
		6585B9652E7C0911003DB1CC /* Release */ = {
			isa = XCBuildConfiguration;
			buildSettings = {
				CODE_SIGN_STYLE = Automatic;
				CURRENT_PROJECT_VERSION = 1;
				GENERATE_INFOPLIST_FILE = YES;
				MARKETING_VERSION = 1.0;
				PRODUCT_BUNDLE_IDENTIFIER = "Nathcorp.Digitalwellbeing-Watch-APP-Watch-AppUITests";
				PRODUCT_NAME = "$(TARGET_NAME)";
				SDKROOT = watchos;
				STRING_CATALOG_GENERATE_SYMBOLS = NO;
				SWIFT_APPROACHABLE_CONCURRENCY = YES;
				SWIFT_EMIT_LOC_STRINGS = NO;
				SWIFT_UPCOMING_FEATURE_MEMBER_IMPORT_VISIBILITY = YES;
				SWIFT_VERSION = 5.0;
				TARGETED_DEVICE_FAMILY = 4;
				TEST_TARGET_NAME = "Digitalwellbeing Watch APP Watch App";
				WATCHOS_DEPLOYMENT_TARGET = 26.0;
			};
			name = Release;
		};
/* End XCBuildConfiguration section */

/* Begin XCConfigurationList section */
		6585B9082E7C07AA003DB1CC /* Build configuration list for PBXProject "Digiwellbeing" */ = {
			isa = XCConfigurationList;
			buildConfigurations = (
				6585B92C2E7C07AD003DB1CC /* Debug */,
				6585B92D2E7C07AD003DB1CC /* Release */,
			);
			defaultConfigurationIsVisible = 0;
			defaultConfigurationName = Release;
		};
		6585B92E2E7C07AD003DB1CC /* Build configuration list for PBXNativeTarget "Digiwellbeing" */ = {
			isa = XCConfigurationList;
			buildConfigurations = (
				6585B92F2E7C07AD003DB1CC /* Debug */,
				6585B9302E7C07AD003DB1CC /* Release */,
			);
			defaultConfigurationIsVisible = 0;
			defaultConfigurationName = Release;
		};
		6585B9312E7C07AD003DB1CC /* Build configuration list for PBXNativeTarget "DigiwellbeingTests" */ = {
			isa = XCConfigurationList;
			buildConfigurations = (
				6585B9322E7C07AD003DB1CC /* Debug */,
				6585B9332E7C07AD003DB1CC /* Release */,
			);
			defaultConfigurationIsVisible = 0;
			defaultConfigurationName = Release;
		};
		6585B9342E7C07AD003DB1CC /* Build configuration list for PBXNativeTarget "DigiwellbeingUITests" */ = {
			isa = XCConfigurationList;
			buildConfigurations = (
				6585B9352E7C07AD003DB1CC /* Debug */,
				6585B9362E7C07AD003DB1CC /* Release */,
			);
			defaultConfigurationIsVisible = 0;
			defaultConfigurationName = Release;
		};
		6585B95C2E7C0911003DB1CC /* Build configuration list for PBXNativeTarget "Digitalwellbeing Watch APP Watch App" */ = {
			isa = XCConfigurationList;
			buildConfigurations = (
				6585B95D2E7C0911003DB1CC /* Debug */,
				6585B95E2E7C0911003DB1CC /* Release */,
			);
			defaultConfigurationIsVisible = 0;
			defaultConfigurationName = Release;
		};
		6585B9602E7C0911003DB1CC /* Build configuration list for PBXNativeTarget "Digitalwellbeing Watch APP Watch AppTests" */ = {
			isa = XCConfigurationList;
			buildConfigurations = (
				6585B9612E7C0911003DB1CC /* Debug */,
				6585B9622E7C0911003DB1CC /* Release */,
			);
			defaultConfigurationIsVisible = 0;
			defaultConfigurationName = Release;
		};
		6585B9632E7C0911003DB1CC /* Build configuration list for PBXNativeTarget "Digitalwellbeing Watch APP Watch AppUITests" */ = {
			isa = XCConfigurationList;
			buildConfigurations = (
				6585B9642E7C0911003DB1CC /* Debug */,
				6585B9652E7C0911003DB1CC /* Release */,
			);
			defaultConfigurationIsVisible = 0;
			defaultConfigurationName = Release;
		};
/* End XCConfigurationList section */

/* Begin XCRemoteSwiftPackageReference section */
		650A1F192EBF4C0B00A4E9D0 /* XCRemoteSwiftPackageReference "supabase-swift" */ = {
			isa = XCRemoteSwiftPackageReference;
			repositoryURL = "https://github.com/supabase-community/supabase-swift";
			requirement = {
				kind = upToNextMajorVersion;
				minimumVersion = 2.5.1;
			};
		};
		6590771E2E9B5EAB000ABBE2 /* XCRemoteSwiftPackageReference "GoogleSignIn-iOS" */ = {
			isa = XCRemoteSwiftPackageReference;
			repositoryURL = "https://github.com/google/GoogleSignIn-iOS";
			requirement = {
				kind = upToNextMajorVersion;
				minimumVersion = 9.0.0;
			};
		};
/* End XCRemoteSwiftPackageReference section */

/* Begin XCSwiftPackageProductDependency section */
		650A1F1A2EBF4C0B00A4E9D0 /* Auth */ = {
			isa = XCSwiftPackageProductDependency;
			package = 650A1F192EBF4C0B00A4E9D0 /* XCRemoteSwiftPackageReference "supabase-swift" */;
			productName = Auth;
		};
		650A1F1C2EBF4C0B00A4E9D0 /* Functions */ = {
			isa = XCSwiftPackageProductDependency;
			package = 650A1F192EBF4C0B00A4E9D0 /* XCRemoteSwiftPackageReference "supabase-swift" */;
			productName = Functions;
		};
		650A1F1E2EBF4C0B00A4E9D0 /* PostgREST */ = {
			isa = XCSwiftPackageProductDependency;
			package = 650A1F192EBF4C0B00A4E9D0 /* XCRemoteSwiftPackageReference "supabase-swift" */;
			productName = PostgREST;
		};
		650A1F202EBF4C0B00A4E9D0 /* Realtime */ = {
			isa = XCSwiftPackageProductDependency;
			package = 650A1F192EBF4C0B00A4E9D0 /* XCRemoteSwiftPackageReference "supabase-swift" */;
			productName = Realtime;
		};
		650A1F222EBF4C0B00A4E9D0 /* Storage */ = {
			isa = XCSwiftPackageProductDependency;
			package = 650A1F192EBF4C0B00A4E9D0 /* XCRemoteSwiftPackageReference "supabase-swift" */;
			productName = Storage;
		};
		650A1F272EBF55B700A4E9D0 /* Supabase */ = {
			isa = XCSwiftPackageProductDependency;
			package = 650A1F192EBF4C0B00A4E9D0 /* XCRemoteSwiftPackageReference "supabase-swift" */;
			productName = Supabase;
		};
		6590771F2E9B5EAB000ABBE2 /* GoogleSignIn */ = {
			isa = XCSwiftPackageProductDependency;
			package = 6590771E2E9B5EAB000ABBE2 /* XCRemoteSwiftPackageReference "GoogleSignIn-iOS" */;
			productName = GoogleSignIn;
		};
		659077212E9B5EAB000ABBE2 /* GoogleSignInSwift */ = {
			isa = XCSwiftPackageProductDependency;
			package = 6590771E2E9B5EAB000ABBE2 /* XCRemoteSwiftPackageReference "GoogleSignIn-iOS" */;
			productName = GoogleSignInSwift;
		};
/* End XCSwiftPackageProductDependency section */
	};
	rootObject = 6585B9052E7C07AA003DB1CC /* Project object */;
}
